<?xml version="1.0" encoding="utf-8"?>
<Project ToolsVersion="4.0" xmlns="http://schemas.microsoft.com/developer/msbuild/2003">
  <ItemGroup>
    <Filter Include="Source Files">
      <UniqueIdentifier>{4FC737F1-C7A5-4376-A066-2A32D752A2FF}</UniqueIdentifier>
      <Extensions>cpp;c;cc;cxx;def;odl;idl;hpj;bat;asm;asmx</Extensions>
    </Filter>
    <Filter Include="Header Files">
      <UniqueIdentifier>{93995380-89BD-4b04-88EB-625FBE52EBFB}</UniqueIdentifier>
      <Extensions>h;hh;hpp;hxx;hm;inl;inc;xsd</Extensions>
    </Filter>
    <Filter Include="Resource Files">
      <UniqueIdentifier>{67DA6AB6-F800-4c08-8B7A-83BB121AAD01}</UniqueIdentifier>
      <Extensions>rc;ico;cur;bmp;dlg;rc2;rct;bin;rgs;gif;jpg;jpeg;jpe;resx;tiff;tif;png;wav;mfcribbon-ms</Extensions>
    </Filter>
    <Filter Include="Diagrams">
      <UniqueIdentifier>{9489d3c0-f630-4af4-b72e-256aba02ca80}</UniqueIdentifier>
      <Extensions>cd</Extensions>
    </Filter>
  </ItemGroup>
  <ItemGroup>
    <None Include="Integra85Firmware.ino" />
    <None Include="Step Generator and Sequencer.cd">
      <Filter>Diagrams</Filter>
    </None>
    <None Include="Calibration State Machine.cd">
      <Filter>Diagrams</Filter>
    </None>
    <None Include="Command Processor.cd">
      <Filter>Diagrams</Filter>
    </None>
  </ItemGroup>
  <ItemGroup>
    <ClInclude Include="__vm\.Integra85Firmware.vsarduino.h">
      <Filter>Header Files</Filter>
    </ClInclude>
    <ClInclude Include="Integra85.h">
      <Filter>Header Files</Filter>
    </ClInclude>
    <ClInclude Include="Motor.h">
      <Filter>Header Files</Filter>
    </ClInclude>
    <ClInclude Include="IStepGenerator.h">
      <Filter>Header Files</Filter>
    </ClInclude>
    <ClInclude Include="CounterTimer1StepGenerator.h">
      <Filter>Header Files</Filter>
    </ClInclude>
    <ClInclude Include="IStepSequencer.h">
      <Filter>Header Files</Filter>
    </ClInclude>
    <ClInclude Include="MovingAverage.h">
      <Filter>Header Files</Filter>
    </ClInclude>
    <ClInclude Include="ForceSensitiveResistor.h">
      <Filter>Header Files</Filter>
    </ClInclude>
    <ClInclude Include="CalibrationStateMachine.h">
      <Filter>Header Files</Filter>
    </ClInclude>
    <ClInclude Include="CommandProcessor.h">
      <Filter>Header Files</Filter>
    </ClInclude>
    <ClInclude Include="PersistentSettings.h">
      <Filter>Header Files</Filter>
    </ClInclude>
    <ClInclude Include="BacklashCompensatingMotor.h">
      <Filter>Header Files</Filter>
    </ClInclude>
  </ItemGroup>
  <ItemGroup>
    <ClCompile Include="Motor.cpp">
      <Filter>Source Files</Filter>
    </ClCompile>
    <ClCompile Include="CounterTimer1StepGenerator.cpp">
      <Filter>Source Files</Filter>
    </ClCompile>
    <ClCompile Include="MovingAverage.cpp">
      <Filter>Source Files</Filter>
    </ClCompile>
    <ClCompile Include="ForceSensitiveResistor.cpp">
      <Filter>Source Files</Filter>
    </ClCompile>
    <ClCompile Include="CalibrationStateMachine.cpp">
      <Filter>Source Files</Filter>
    </ClCompile>
    <ClCompile Include="IdleCalibrationState.cpp">
      <Filter>Source Files</Filter>
    </ClCompile>
    <ClCompile Include="FindHomeCalibrationState.cpp">
      <Filter>Source Files</Filter>
    </ClCompile>
    <ClCompile Include="DelayBaseCalibrationState.cpp">
      <Filter>Source Files</Filter>
    </ClCompile>
    <ClCompile Include="DelayAfterFindHomeCalibrationState.cpp">
      <Filter>Source Files</Filter>
    </ClCompile>
    <ClCompile Include="DelayAfterBackOutCalibrationState.cpp">
      <Filter>Source Files</Filter>
    </ClCompile>
    <ClCompile Include="FindSoftLimitCalibrationState.cpp">
      <Filter>Source Files</Filter>
    </ClCompile>
    <ClCompile Include="DelayAfterFindSoftLimitCalibrationState.cpp">
      <Filter>Source Files</Filter>
    </ClCompile>
    <ClCompile Include="FindBacklashCalibrationState.cpp">
      <Filter>Source Files</Filter>
    </ClCompile>
    <ClCompile Include="FindMidpointCalibrationState.cpp">
      <Filter>Source Files</Filter>
    </ClCompile>
    <ClCompile Include="PersistentSettings.cpp">
      <Filter>Source Files</Filter>
    </ClCompile>
    <ClCompile Include="PositionReadCommandProcessor.cpp">
      <Filter>Source Files</Filter>
    </ClCompile>
    <ClCompile Include="Response.cpp">
      <Filter>Source Files</Filter>
    </ClCompile>
    <ClCompile Include="StopMotorCommandProcessor.cpp">
      <Filter>Source Files</Filter>
    </ClCompile>
    <ClCompile Include="IsMovingCommandProcessor.cpp">
      <Filter>Source Files</Filter>
    </ClCompile>
    <ClCompile Include="RangeReadCommandProcessor.cpp">
      <Filter>Source Files</Filter>
    </ClCompile>
    <ClCompile Include="VersionReadCommandProcessor.cpp">
      <Filter>Source Files</Filter>
    </ClCompile>
    <ClCompile Include="BacklashCompensatingMotor.cpp">
      <Filter>Source Files</Filter>
    </ClCompile>
    <ClCompile Include="BacklOutCalibrationState.cpp">
      <Filter>Source Files</Filter>
    </ClCompile>
    <ClCompile Include="CommandProcessor.cpp">
      <Filter>Source Files</Filter>
    </ClCompile>
  </ItemGroup>
</Project>